
Microsoft Visual Studio Solution File, Format Version 12.00
# Visual Studio Version 17
VisualStudioVersion = 17.3.32819.101
MinimumVisualStudioVersion = 10.0.40219.1
Project("{9A19103F-16F7-4668-BE54-9A1E7A4F7556}") = "01_01", "01_01\01_01.csproj", "{D9E56C2E-09A3-4310-819C-8DC064815F51}"
EndProject
Project("{9A19103F-16F7-4668-BE54-9A1E7A4F7556}") = "01_02", "01_02\01_02.csproj", "{D5B1096D-AD0D-4956-94DC-02EF3B104954}"
EndProject
Project("{9A19103F-16F7-4668-BE54-9A1E7A4F7556}") = "01_03", "01_03\01_03.csproj", "{9135CDB8-39A7-41A5-A3E6-DD1D81DF6762}"
EndProject
Project("{2150E333-8FDC-42A3-9474-1A3956D46DE8}") = "U1_INTRODUCCION", "U1_INTRODUCCION", "{C3198753-2854-4864-912C-5DD42A393FBD}"
EndProject
Project("{9A19103F-16F7-4668-BE54-9A1E7A4F7556}") = "01_08", "01_08\01_08.csproj", "{FFD98FB9-74B0-48C7-A51C-0AEECD634282}"
EndProject
Project("{9A19103F-16F7-4668-BE54-9A1E7A4F7556}") = "01_09", "01_09\01_09.csproj", "{A5486922-EA41-441B-936B-1E11C3620A0B}"
EndProject
Project("{9A19103F-16F7-4668-BE54-9A1E7A4F7556}") = "01_07", "01_07\01_07.csproj", "{F7FEAF4E-499B-41A4-BB1A-0C24EF7B3C1C}"
EndProject
Project("{9A19103F-16F7-4668-BE54-9A1E7A4F7556}") = "02_01", "02_01\02_01.csproj", "{847AEBE1-0D78-4B33-854C-554F137A2CFA}"
EndProject
Project("{2150E333-8FDC-42A3-9474-1A3956D46DE8}") = "U2_CLASES", "U2_CLASES", "{01BF77A3-BD0A-4C07-9623-E28E6509835F}"
EndProject
Project("{9A19103F-16F7-4668-BE54-9A1E7A4F7556}") = "02_02", "02_02\02_02.csproj", "{86AB0CF3-62C5-4080-8CCC-9C36D38D7855}"
EndProject
Project("{9A19103F-16F7-4668-BE54-9A1E7A4F7556}") = "02_06", "02_06\02_06.csproj", "{E7DA21CF-6380-4A22-8411-FE1A520CF2D9}"
EndProject
Project("{9A19103F-16F7-4668-BE54-9A1E7A4F7556}") = "02_07", "02_07\02_07.csproj", "{9F48FC71-3501-45A6-A7C5-C086899E612F}"
EndProject
Project("{9A19103F-16F7-4668-BE54-9A1E7A4F7556}") = "01_04", "01_04\01_04.csproj", "{98141374-EF41-4999-84EA-EB33601755B0}"
EndProject
Project("{9A19103F-16F7-4668-BE54-9A1E7A4F7556}") = "01_05", "01_05\01_05.csproj", "{3A12E54F-D81A-4A8E-808F-78A89B30D82F}"
EndProject
Project("{9A19103F-16F7-4668-BE54-9A1E7A4F7556}") = "01_06", "01_06\01_06.csproj", "{4263CE49-DD2F-4D7A-86A5-9939019677BC}"
EndProject
Project("{9A19103F-16F7-4668-BE54-9A1E7A4F7556}") = "02_04", "02_04\02_04.csproj", "{24CE342F-BAA3-4BA6-B14F-1BB6B6185070}"
EndProject
Project("{9A19103F-16F7-4668-BE54-9A1E7A4F7556}") = "02_05", "02_05\02_05.csproj", "{92A2C60E-33AF-4822-A19F-D15CC7B2F658}"
EndProject
Project("{9A19103F-16F7-4668-BE54-9A1E7A4F7556}") = "02_08", "02_08\02_08.csproj", "{103C885F-8F13-49D2-9DE9-83738E19EE87}"
EndProject
Project("{9A19103F-16F7-4668-BE54-9A1E7A4F7556}") = "02_A01", "02_A01\02_A01.csproj", "{B2B2E8A7-029C-4BFE-948A-00F730A15EFF}"
EndProject
Project("{2150E333-8FDC-42A3-9474-1A3956D46DE8}") = "U3_POO", "U3_POO", "{85313B26-D315-46A8-938B-D95B2C74C111}"
EndProject
Project("{9A19103F-16F7-4668-BE54-9A1E7A4F7556}") = "03_01", "03_01\03_01.csproj", "{6D38581E-22AB-413B-B94D-3E6743059B87}"
EndProject
Project("{9A19103F-16F7-4668-BE54-9A1E7A4F7556}") = "03_02", "03_02\03_02.csproj", "{5771A830-CF30-4C61-AB72-F17649D5CB16}"
EndProject
Project("{9A19103F-16F7-4668-BE54-9A1E7A4F7556}") = "03_03", "03_03\03_03.csproj", "{BD441FDD-A6F1-4B52-BA3E-43A2FED196DA}"
EndProject
Project("{9A19103F-16F7-4668-BE54-9A1E7A4F7556}") = "03_04", "03_04\03_04.csproj", "{2B1056D3-3249-4AD8-8A7B-2A2CB500BB82}"
EndProject
Project("{9A19103F-16F7-4668-BE54-9A1E7A4F7556}") = "03_ClassLibrary", "03_ClassLibrary\03_ClassLibrary.csproj", "{BA71AC61-1776-48CE-AB8D-1FEA09A3975E}"
EndProject
Project("{9A19103F-16F7-4668-BE54-9A1E7A4F7556}") = "03_05", "03_05\03_05.csproj", "{3E56DE4B-CFE1-4399-A87E-4F10E92ABFE4}"
EndProject
Project("{9A19103F-16F7-4668-BE54-9A1E7A4F7556}") = "03_A01", "03_A01\03_A01.csproj", "{AEB304D1-9760-42DC-B20A-45CACF96ED29}"
EndProject
Project("{9A19103F-16F7-4668-BE54-9A1E7A4F7556}") = "03_A02", "03_A02\03_A02.csproj", "{D7CE9382-CD6B-4553-9587-42075FC64E5B}"
EndProject
Project("{2150E333-8FDC-42A3-9474-1A3956D46DE8}") = "U4_SOBRECARGA", "U4_SOBRECARGA", "{39111461-38ED-4C10-92E0-2CBC84B8DC78}"
EndProject
Project("{9A19103F-16F7-4668-BE54-9A1E7A4F7556}") = "04_01", "04_01\04_01.csproj", "{D25C9CDD-8E5C-4DA5-8558-B27179307CFB}"
EndProject
Project("{9A19103F-16F7-4668-BE54-9A1E7A4F7556}") = "04_ClassLibrary", "04_ClassLibrary\04_ClassLibrary.csproj", "{5FFF6E08-CCC9-4C58-A118-C2F1FC5708AA}"
EndProject
Project("{9A19103F-16F7-4668-BE54-9A1E7A4F7556}") = "04_02", "04_02\04_02.csproj", "{16B6CFBD-3863-4124-8F47-E15F17F33BF1}"
EndProject
Project("{9A19103F-16F7-4668-BE54-9A1E7A4F7556}") = "04_C02", "04_C02\04_C02.csproj", "{662AE2AA-1C7F-469F-90A3-64A2AF51742A}"
EndProject
Project("{9A19103F-16F7-4668-BE54-9A1E7A4F7556}") = "04_A01", "04_A01\04_A01.csproj", "{D41B7E6C-4F5F-4F40-97FA-D060733517CA}"
EndProject
Project("{2150E333-8FDC-42A3-9474-1A3956D46DE8}") = "U5_WINFORMS", "U5_WINFORMS", "{4CF70761-2BAA-4DA8-9F75-FB271B9EA6E6}"
EndProject
Project("{9A19103F-16F7-4668-BE54-9A1E7A4F7556}") = "05_01", "05_01\05_01.csproj", "{C0A8D954-0C8D-4A9B-B9B6-6FD1E0E531DD}"
EndProject
Project("{9A19103F-16F7-4668-BE54-9A1E7A4F7556}") = "05_02", "05_02\05_02.csproj", "{29A8F7AF-EDD5-4D08-A150-6B04A2D02EDB}"
EndProject
Project("{9A19103F-16F7-4668-BE54-9A1E7A4F7556}") = "05_ClassLibrary", "05_ClassLibrary\05_ClassLibrary.csproj", "{7391F9B7-42F9-4CC4-A118-EC3ECD8D8511}"
EndProject
Project("{9A19103F-16F7-4668-BE54-9A1E7A4F7556}") = "05_C01", "05_C01\05_C01.csproj", "{76BFAB8B-209F-4A7D-BF33-8F57C81DCB2C}"
EndProject
Project("{2150E333-8FDC-42A3-9474-1A3956D46DE8}") = "U6_COLECCIONES", "U6_COLECCIONES", "{BEC52AD7-7146-4449-BB23-44183EF4F23A}"
EndProject
Project("{9A19103F-16F7-4668-BE54-9A1E7A4F7556}") = "06_ClassLibrary", "06_ClassLibrary\06_ClassLibrary.csproj", "{34A3C33A-A56C-444C-87B1-A7B193E50E8F}"
EndProject
Project("{9A19103F-16F7-4668-BE54-9A1E7A4F7556}") = "06_01", "06_01\06_01.csproj", "{2CC06D5B-C6C2-4C15-A36D-8D0BF0EF13D1}"
EndProject
Project("{9A19103F-16F7-4668-BE54-9A1E7A4F7556}") = "06_02", "06_02\06_02.csproj", "{54ACA4C4-8E3D-40C6-BD11-3FEB006AD138}"
EndProject
Project("{9A19103F-16F7-4668-BE54-9A1E7A4F7556}") = "06_03", "06_03\06_03.csproj", "{C5D40B0D-B71F-4C3E-9DB3-FAA719CA77C5}"
EndProject
Project("{9A19103F-16F7-4668-BE54-9A1E7A4F7556}") = "06_C01", "06_C01\06_C01.csproj", "{FBE34777-1D14-40CE-9FBD-E456EE4BDD9C}"
EndProject
Project("{2150E333-8FDC-42A3-9474-1A3956D46DE8}") = "U7_ENCAPSULAMIENTO", "U7_ENCAPSULAMIENTO", "{723D86E1-3B26-43E6-9A1A-63F92CF8A0EE}"
EndProject
Project("{9A19103F-16F7-4668-BE54-9A1E7A4F7556}") = "07_01", "07_01\07_01.csproj", "{C517F31B-117D-4FDD-9FF1-D0355A5A4194}"
EndProject
Project("{9A19103F-16F7-4668-BE54-9A1E7A4F7556}") = "07_02", "07_02\07_02.csproj", "{0A5B0506-68EC-4B9B-A392-3A392742E94A}"
EndProject
Project("{9A19103F-16F7-4668-BE54-9A1E7A4F7556}") = "07_ClassLibrary", "07_ClassLibrary\07_ClassLibrary.csproj", "{E58B6E43-63FF-46E4-85E8-BDE787830801}"
EndProject
Project("{2150E333-8FDC-42A3-9474-1A3956D46DE8}") = "U8_HERENCIA", "U8_HERENCIA", "{2385E489-1FCE-4F51-888C-C0253FA9F47C}"
EndProject
Project("{9A19103F-16F7-4668-BE54-9A1E7A4F7556}") = "08_01", "08_01\08_01.csproj", "{5F8125A9-166B-4E94-A9FD-63A087EB7571}"
EndProject
Project("{9A19103F-16F7-4668-BE54-9A1E7A4F7556}") = "08_C03", "08_C03\08_C03.csproj", "{499048D3-AED0-4C59-B17D-A3545E67B741}"
EndProject
Project("{9A19103F-16F7-4668-BE54-9A1E7A4F7556}") = "08_ClassLibrary", "08_ClassLibrary\08_ClassLibrary.csproj", "{F320266A-EC36-4FE6-B459-DD319FAA21E0}"
EndProject
Project("{2150E333-8FDC-42A3-9474-1A3956D46DE8}") = "U9_POLIMORFISMO", "U9_POLIMORFISMO", "{A4E746CB-F721-4F57-87A6-ED709826FC1F}"
EndProject
Project("{9A19103F-16F7-4668-BE54-9A1E7A4F7556}") = "09_02", "09_02\09_02.csproj", "{CC894DF0-CB4A-4091-9D68-C1576E581909}"
EndProject
Project("{9A19103F-16F7-4668-BE54-9A1E7A4F7556}") = "09_ClassLibrary", "09_ClassLibrary\09_ClassLibrary.csproj", "{6A13F23C-BB69-446C-AB01-445B16EE8798}"
EndProject
Project("{2150E333-8FDC-42A3-9474-1A3956D46DE8}") = "U10_EXCEPCIONES", "U10_EXCEPCIONES", "{6658FB62-7A24-4AD5-88CF-9A8B45E5DB9E}"
EndProject
Project("{9A19103F-16F7-4668-BE54-9A1E7A4F7556}") = "10_02", "10_02\10_02.csproj", "{2E4EC63E-A58F-4A2B-A49A-80D08240F736}"
EndProject
Project("{9A19103F-16F7-4668-BE54-9A1E7A4F7556}") = "10_ClassLibrary", "10_ClassLibrary\10_ClassLibrary.csproj", "{74494540-5C5C-4E61-8644-755E3505CC49}"
EndProject
Global
	GlobalSection(SolutionConfigurationPlatforms) = preSolution
		Debug|Any CPU = Debug|Any CPU
		Release|Any CPU = Release|Any CPU
	EndGlobalSection
	GlobalSection(ProjectConfigurationPlatforms) = postSolution
		{D9E56C2E-09A3-4310-819C-8DC064815F51}.Debug|Any CPU.ActiveCfg = Debug|Any CPU
		{D9E56C2E-09A3-4310-819C-8DC064815F51}.Debug|Any CPU.Build.0 = Debug|Any CPU
		{D9E56C2E-09A3-4310-819C-8DC064815F51}.Release|Any CPU.ActiveCfg = Release|Any CPU
		{D9E56C2E-09A3-4310-819C-8DC064815F51}.Release|Any CPU.Build.0 = Release|Any CPU
		{D5B1096D-AD0D-4956-94DC-02EF3B104954}.Debug|Any CPU.ActiveCfg = Debug|Any CPU
		{D5B1096D-AD0D-4956-94DC-02EF3B104954}.Debug|Any CPU.Build.0 = Debug|Any CPU
		{D5B1096D-AD0D-4956-94DC-02EF3B104954}.Release|Any CPU.ActiveCfg = Release|Any CPU
		{D5B1096D-AD0D-4956-94DC-02EF3B104954}.Release|Any CPU.Build.0 = Release|Any CPU
		{9135CDB8-39A7-41A5-A3E6-DD1D81DF6762}.Debug|Any CPU.ActiveCfg = Debug|Any CPU
		{9135CDB8-39A7-41A5-A3E6-DD1D81DF6762}.Debug|Any CPU.Build.0 = Debug|Any CPU
		{9135CDB8-39A7-41A5-A3E6-DD1D81DF6762}.Release|Any CPU.ActiveCfg = Release|Any CPU
		{9135CDB8-39A7-41A5-A3E6-DD1D81DF6762}.Release|Any CPU.Build.0 = Release|Any CPU
		{FFD98FB9-74B0-48C7-A51C-0AEECD634282}.Debug|Any CPU.ActiveCfg = Debug|Any CPU
		{FFD98FB9-74B0-48C7-A51C-0AEECD634282}.Debug|Any CPU.Build.0 = Debug|Any CPU
		{FFD98FB9-74B0-48C7-A51C-0AEECD634282}.Release|Any CPU.ActiveCfg = Release|Any CPU
		{FFD98FB9-74B0-48C7-A51C-0AEECD634282}.Release|Any CPU.Build.0 = Release|Any CPU
		{A5486922-EA41-441B-936B-1E11C3620A0B}.Debug|Any CPU.ActiveCfg = Debug|Any CPU
		{A5486922-EA41-441B-936B-1E11C3620A0B}.Debug|Any CPU.Build.0 = Debug|Any CPU
		{A5486922-EA41-441B-936B-1E11C3620A0B}.Release|Any CPU.ActiveCfg = Release|Any CPU
		{A5486922-EA41-441B-936B-1E11C3620A0B}.Release|Any CPU.Build.0 = Release|Any CPU
		{F7FEAF4E-499B-41A4-BB1A-0C24EF7B3C1C}.Debug|Any CPU.ActiveCfg = Debug|Any CPU
		{F7FEAF4E-499B-41A4-BB1A-0C24EF7B3C1C}.Debug|Any CPU.Build.0 = Debug|Any CPU
		{F7FEAF4E-499B-41A4-BB1A-0C24EF7B3C1C}.Release|Any CPU.ActiveCfg = Release|Any CPU
		{F7FEAF4E-499B-41A4-BB1A-0C24EF7B3C1C}.Release|Any CPU.Build.0 = Release|Any CPU
		{847AEBE1-0D78-4B33-854C-554F137A2CFA}.Debug|Any CPU.ActiveCfg = Debug|Any CPU
		{847AEBE1-0D78-4B33-854C-554F137A2CFA}.Debug|Any CPU.Build.0 = Debug|Any CPU
		{847AEBE1-0D78-4B33-854C-554F137A2CFA}.Release|Any CPU.ActiveCfg = Release|Any CPU
		{847AEBE1-0D78-4B33-854C-554F137A2CFA}.Release|Any CPU.Build.0 = Release|Any CPU
		{86AB0CF3-62C5-4080-8CCC-9C36D38D7855}.Debug|Any CPU.ActiveCfg = Debug|Any CPU
		{86AB0CF3-62C5-4080-8CCC-9C36D38D7855}.Debug|Any CPU.Build.0 = Debug|Any CPU
		{86AB0CF3-62C5-4080-8CCC-9C36D38D7855}.Release|Any CPU.ActiveCfg = Release|Any CPU
		{86AB0CF3-62C5-4080-8CCC-9C36D38D7855}.Release|Any CPU.Build.0 = Release|Any CPU
		{E7DA21CF-6380-4A22-8411-FE1A520CF2D9}.Debug|Any CPU.ActiveCfg = Debug|Any CPU
		{E7DA21CF-6380-4A22-8411-FE1A520CF2D9}.Debug|Any CPU.Build.0 = Debug|Any CPU
		{E7DA21CF-6380-4A22-8411-FE1A520CF2D9}.Release|Any CPU.ActiveCfg = Release|Any CPU
		{E7DA21CF-6380-4A22-8411-FE1A520CF2D9}.Release|Any CPU.Build.0 = Release|Any CPU
		{9F48FC71-3501-45A6-A7C5-C086899E612F}.Debug|Any CPU.ActiveCfg = Debug|Any CPU
		{9F48FC71-3501-45A6-A7C5-C086899E612F}.Debug|Any CPU.Build.0 = Debug|Any CPU
		{9F48FC71-3501-45A6-A7C5-C086899E612F}.Release|Any CPU.ActiveCfg = Release|Any CPU
		{9F48FC71-3501-45A6-A7C5-C086899E612F}.Release|Any CPU.Build.0 = Release|Any CPU
		{98141374-EF41-4999-84EA-EB33601755B0}.Debug|Any CPU.ActiveCfg = Debug|Any CPU
		{98141374-EF41-4999-84EA-EB33601755B0}.Debug|Any CPU.Build.0 = Debug|Any CPU
		{98141374-EF41-4999-84EA-EB33601755B0}.Release|Any CPU.ActiveCfg = Release|Any CPU
		{98141374-EF41-4999-84EA-EB33601755B0}.Release|Any CPU.Build.0 = Release|Any CPU
		{3A12E54F-D81A-4A8E-808F-78A89B30D82F}.Debug|Any CPU.ActiveCfg = Debug|Any CPU
		{3A12E54F-D81A-4A8E-808F-78A89B30D82F}.Debug|Any CPU.Build.0 = Debug|Any CPU
		{3A12E54F-D81A-4A8E-808F-78A89B30D82F}.Release|Any CPU.ActiveCfg = Release|Any CPU
		{3A12E54F-D81A-4A8E-808F-78A89B30D82F}.Release|Any CPU.Build.0 = Release|Any CPU
		{4263CE49-DD2F-4D7A-86A5-9939019677BC}.Debug|Any CPU.ActiveCfg = Debug|Any CPU
		{4263CE49-DD2F-4D7A-86A5-9939019677BC}.Debug|Any CPU.Build.0 = Debug|Any CPU
		{4263CE49-DD2F-4D7A-86A5-9939019677BC}.Release|Any CPU.ActiveCfg = Release|Any CPU
		{4263CE49-DD2F-4D7A-86A5-9939019677BC}.Release|Any CPU.Build.0 = Release|Any CPU
		{24CE342F-BAA3-4BA6-B14F-1BB6B6185070}.Debug|Any CPU.ActiveCfg = Debug|Any CPU
		{24CE342F-BAA3-4BA6-B14F-1BB6B6185070}.Debug|Any CPU.Build.0 = Debug|Any CPU
		{24CE342F-BAA3-4BA6-B14F-1BB6B6185070}.Release|Any CPU.ActiveCfg = Release|Any CPU
		{24CE342F-BAA3-4BA6-B14F-1BB6B6185070}.Release|Any CPU.Build.0 = Release|Any CPU
		{92A2C60E-33AF-4822-A19F-D15CC7B2F658}.Debug|Any CPU.ActiveCfg = Debug|Any CPU
		{92A2C60E-33AF-4822-A19F-D15CC7B2F658}.Debug|Any CPU.Build.0 = Debug|Any CPU
		{92A2C60E-33AF-4822-A19F-D15CC7B2F658}.Release|Any CPU.ActiveCfg = Release|Any CPU
		{92A2C60E-33AF-4822-A19F-D15CC7B2F658}.Release|Any CPU.Build.0 = Release|Any CPU
		{103C885F-8F13-49D2-9DE9-83738E19EE87}.Debug|Any CPU.ActiveCfg = Debug|Any CPU
		{103C885F-8F13-49D2-9DE9-83738E19EE87}.Debug|Any CPU.Build.0 = Debug|Any CPU
		{103C885F-8F13-49D2-9DE9-83738E19EE87}.Release|Any CPU.ActiveCfg = Release|Any CPU
		{103C885F-8F13-49D2-9DE9-83738E19EE87}.Release|Any CPU.Build.0 = Release|Any CPU
		{B2B2E8A7-029C-4BFE-948A-00F730A15EFF}.Debug|Any CPU.ActiveCfg = Debug|Any CPU
		{B2B2E8A7-029C-4BFE-948A-00F730A15EFF}.Debug|Any CPU.Build.0 = Debug|Any CPU
		{B2B2E8A7-029C-4BFE-948A-00F730A15EFF}.Release|Any CPU.ActiveCfg = Release|Any CPU
		{B2B2E8A7-029C-4BFE-948A-00F730A15EFF}.Release|Any CPU.Build.0 = Release|Any CPU
		{6D38581E-22AB-413B-B94D-3E6743059B87}.Debug|Any CPU.ActiveCfg = Debug|Any CPU
		{6D38581E-22AB-413B-B94D-3E6743059B87}.Debug|Any CPU.Build.0 = Debug|Any CPU
		{6D38581E-22AB-413B-B94D-3E6743059B87}.Release|Any CPU.ActiveCfg = Release|Any CPU
		{6D38581E-22AB-413B-B94D-3E6743059B87}.Release|Any CPU.Build.0 = Release|Any CPU
		{5771A830-CF30-4C61-AB72-F17649D5CB16}.Debug|Any CPU.ActiveCfg = Debug|Any CPU
		{5771A830-CF30-4C61-AB72-F17649D5CB16}.Debug|Any CPU.Build.0 = Debug|Any CPU
		{5771A830-CF30-4C61-AB72-F17649D5CB16}.Release|Any CPU.ActiveCfg = Release|Any CPU
		{5771A830-CF30-4C61-AB72-F17649D5CB16}.Release|Any CPU.Build.0 = Release|Any CPU
		{BD441FDD-A6F1-4B52-BA3E-43A2FED196DA}.Debug|Any CPU.ActiveCfg = Debug|Any CPU
		{BD441FDD-A6F1-4B52-BA3E-43A2FED196DA}.Debug|Any CPU.Build.0 = Debug|Any CPU
		{BD441FDD-A6F1-4B52-BA3E-43A2FED196DA}.Release|Any CPU.ActiveCfg = Release|Any CPU
		{BD441FDD-A6F1-4B52-BA3E-43A2FED196DA}.Release|Any CPU.Build.0 = Release|Any CPU
		{2B1056D3-3249-4AD8-8A7B-2A2CB500BB82}.Debug|Any CPU.ActiveCfg = Debug|Any CPU
		{2B1056D3-3249-4AD8-8A7B-2A2CB500BB82}.Debug|Any CPU.Build.0 = Debug|Any CPU
		{2B1056D3-3249-4AD8-8A7B-2A2CB500BB82}.Release|Any CPU.ActiveCfg = Release|Any CPU
		{2B1056D3-3249-4AD8-8A7B-2A2CB500BB82}.Release|Any CPU.Build.0 = Release|Any CPU
		{BA71AC61-1776-48CE-AB8D-1FEA09A3975E}.Debug|Any CPU.ActiveCfg = Debug|Any CPU
		{BA71AC61-1776-48CE-AB8D-1FEA09A3975E}.Debug|Any CPU.Build.0 = Debug|Any CPU
		{BA71AC61-1776-48CE-AB8D-1FEA09A3975E}.Release|Any CPU.ActiveCfg = Release|Any CPU
		{BA71AC61-1776-48CE-AB8D-1FEA09A3975E}.Release|Any CPU.Build.0 = Release|Any CPU
		{3E56DE4B-CFE1-4399-A87E-4F10E92ABFE4}.Debug|Any CPU.ActiveCfg = Debug|Any CPU
		{3E56DE4B-CFE1-4399-A87E-4F10E92ABFE4}.Debug|Any CPU.Build.0 = Debug|Any CPU
		{3E56DE4B-CFE1-4399-A87E-4F10E92ABFE4}.Release|Any CPU.ActiveCfg = Release|Any CPU
		{3E56DE4B-CFE1-4399-A87E-4F10E92ABFE4}.Release|Any CPU.Build.0 = Release|Any CPU
		{AEB304D1-9760-42DC-B20A-45CACF96ED29}.Debug|Any CPU.ActiveCfg = Debug|Any CPU
		{AEB304D1-9760-42DC-B20A-45CACF96ED29}.Debug|Any CPU.Build.0 = Debug|Any CPU
		{AEB304D1-9760-42DC-B20A-45CACF96ED29}.Release|Any CPU.ActiveCfg = Release|Any CPU
		{AEB304D1-9760-42DC-B20A-45CACF96ED29}.Release|Any CPU.Build.0 = Release|Any CPU
		{D7CE9382-CD6B-4553-9587-42075FC64E5B}.Debug|Any CPU.ActiveCfg = Debug|Any CPU
		{D7CE9382-CD6B-4553-9587-42075FC64E5B}.Debug|Any CPU.Build.0 = Debug|Any CPU
		{D7CE9382-CD6B-4553-9587-42075FC64E5B}.Release|Any CPU.ActiveCfg = Release|Any CPU
		{D7CE9382-CD6B-4553-9587-42075FC64E5B}.Release|Any CPU.Build.0 = Release|Any CPU
		{D25C9CDD-8E5C-4DA5-8558-B27179307CFB}.Debug|Any CPU.ActiveCfg = Debug|Any CPU
		{D25C9CDD-8E5C-4DA5-8558-B27179307CFB}.Debug|Any CPU.Build.0 = Debug|Any CPU
		{D25C9CDD-8E5C-4DA5-8558-B27179307CFB}.Release|Any CPU.ActiveCfg = Release|Any CPU
		{D25C9CDD-8E5C-4DA5-8558-B27179307CFB}.Release|Any CPU.Build.0 = Release|Any CPU
		{5FFF6E08-CCC9-4C58-A118-C2F1FC5708AA}.Debug|Any CPU.ActiveCfg = Debug|Any CPU
		{5FFF6E08-CCC9-4C58-A118-C2F1FC5708AA}.Debug|Any CPU.Build.0 = Debug|Any CPU
		{5FFF6E08-CCC9-4C58-A118-C2F1FC5708AA}.Release|Any CPU.ActiveCfg = Release|Any CPU
		{5FFF6E08-CCC9-4C58-A118-C2F1FC5708AA}.Release|Any CPU.Build.0 = Release|Any CPU
		{16B6CFBD-3863-4124-8F47-E15F17F33BF1}.Debug|Any CPU.ActiveCfg = Debug|Any CPU
		{16B6CFBD-3863-4124-8F47-E15F17F33BF1}.Debug|Any CPU.Build.0 = Debug|Any CPU
		{16B6CFBD-3863-4124-8F47-E15F17F33BF1}.Release|Any CPU.ActiveCfg = Release|Any CPU
		{16B6CFBD-3863-4124-8F47-E15F17F33BF1}.Release|Any CPU.Build.0 = Release|Any CPU
		{662AE2AA-1C7F-469F-90A3-64A2AF51742A}.Debug|Any CPU.ActiveCfg = Debug|Any CPU
		{662AE2AA-1C7F-469F-90A3-64A2AF51742A}.Debug|Any CPU.Build.0 = Debug|Any CPU
		{662AE2AA-1C7F-469F-90A3-64A2AF51742A}.Release|Any CPU.ActiveCfg = Release|Any CPU
		{662AE2AA-1C7F-469F-90A3-64A2AF51742A}.Release|Any CPU.Build.0 = Release|Any CPU
		{D41B7E6C-4F5F-4F40-97FA-D060733517CA}.Debug|Any CPU.ActiveCfg = Debug|Any CPU
		{D41B7E6C-4F5F-4F40-97FA-D060733517CA}.Debug|Any CPU.Build.0 = Debug|Any CPU
		{D41B7E6C-4F5F-4F40-97FA-D060733517CA}.Release|Any CPU.ActiveCfg = Release|Any CPU
		{D41B7E6C-4F5F-4F40-97FA-D060733517CA}.Release|Any CPU.Build.0 = Release|Any CPU
		{C0A8D954-0C8D-4A9B-B9B6-6FD1E0E531DD}.Debug|Any CPU.ActiveCfg = Debug|Any CPU
		{C0A8D954-0C8D-4A9B-B9B6-6FD1E0E531DD}.Debug|Any CPU.Build.0 = Debug|Any CPU
		{C0A8D954-0C8D-4A9B-B9B6-6FD1E0E531DD}.Release|Any CPU.ActiveCfg = Release|Any CPU
		{C0A8D954-0C8D-4A9B-B9B6-6FD1E0E531DD}.Release|Any CPU.Build.0 = Release|Any CPU
		{29A8F7AF-EDD5-4D08-A150-6B04A2D02EDB}.Debug|Any CPU.ActiveCfg = Debug|Any CPU
		{29A8F7AF-EDD5-4D08-A150-6B04A2D02EDB}.Debug|Any CPU.Build.0 = Debug|Any CPU
		{29A8F7AF-EDD5-4D08-A150-6B04A2D02EDB}.Release|Any CPU.ActiveCfg = Release|Any CPU
		{29A8F7AF-EDD5-4D08-A150-6B04A2D02EDB}.Release|Any CPU.Build.0 = Release|Any CPU
		{7391F9B7-42F9-4CC4-A118-EC3ECD8D8511}.Debug|Any CPU.ActiveCfg = Debug|Any CPU
		{7391F9B7-42F9-4CC4-A118-EC3ECD8D8511}.Debug|Any CPU.Build.0 = Debug|Any CPU
		{7391F9B7-42F9-4CC4-A118-EC3ECD8D8511}.Release|Any CPU.ActiveCfg = Release|Any CPU
		{7391F9B7-42F9-4CC4-A118-EC3ECD8D8511}.Release|Any CPU.Build.0 = Release|Any CPU
		{76BFAB8B-209F-4A7D-BF33-8F57C81DCB2C}.Debug|Any CPU.ActiveCfg = Debug|Any CPU
		{76BFAB8B-209F-4A7D-BF33-8F57C81DCB2C}.Debug|Any CPU.Build.0 = Debug|Any CPU
		{76BFAB8B-209F-4A7D-BF33-8F57C81DCB2C}.Release|Any CPU.ActiveCfg = Release|Any CPU
		{76BFAB8B-209F-4A7D-BF33-8F57C81DCB2C}.Release|Any CPU.Build.0 = Release|Any CPU
		{34A3C33A-A56C-444C-87B1-A7B193E50E8F}.Debug|Any CPU.ActiveCfg = Debug|Any CPU
		{34A3C33A-A56C-444C-87B1-A7B193E50E8F}.Debug|Any CPU.Build.0 = Debug|Any CPU
		{34A3C33A-A56C-444C-87B1-A7B193E50E8F}.Release|Any CPU.ActiveCfg = Release|Any CPU
		{34A3C33A-A56C-444C-87B1-A7B193E50E8F}.Release|Any CPU.Build.0 = Release|Any CPU
		{2CC06D5B-C6C2-4C15-A36D-8D0BF0EF13D1}.Debug|Any CPU.ActiveCfg = Debug|Any CPU
		{2CC06D5B-C6C2-4C15-A36D-8D0BF0EF13D1}.Debug|Any CPU.Build.0 = Debug|Any CPU
		{2CC06D5B-C6C2-4C15-A36D-8D0BF0EF13D1}.Release|Any CPU.ActiveCfg = Release|Any CPU
		{2CC06D5B-C6C2-4C15-A36D-8D0BF0EF13D1}.Release|Any CPU.Build.0 = Release|Any CPU
		{54ACA4C4-8E3D-40C6-BD11-3FEB006AD138}.Debug|Any CPU.ActiveCfg = Debug|Any CPU
		{54ACA4C4-8E3D-40C6-BD11-3FEB006AD138}.Debug|Any CPU.Build.0 = Debug|Any CPU
		{54ACA4C4-8E3D-40C6-BD11-3FEB006AD138}.Release|Any CPU.ActiveCfg = Release|Any CPU
		{54ACA4C4-8E3D-40C6-BD11-3FEB006AD138}.Release|Any CPU.Build.0 = Release|Any CPU
		{C5D40B0D-B71F-4C3E-9DB3-FAA719CA77C5}.Debug|Any CPU.ActiveCfg = Debug|Any CPU
		{C5D40B0D-B71F-4C3E-9DB3-FAA719CA77C5}.Debug|Any CPU.Build.0 = Debug|Any CPU
		{C5D40B0D-B71F-4C3E-9DB3-FAA719CA77C5}.Release|Any CPU.ActiveCfg = Release|Any CPU
		{C5D40B0D-B71F-4C3E-9DB3-FAA719CA77C5}.Release|Any CPU.Build.0 = Release|Any CPU
		{FBE34777-1D14-40CE-9FBD-E456EE4BDD9C}.Debug|Any CPU.ActiveCfg = Debug|Any CPU
		{FBE34777-1D14-40CE-9FBD-E456EE4BDD9C}.Debug|Any CPU.Build.0 = Debug|Any CPU
		{FBE34777-1D14-40CE-9FBD-E456EE4BDD9C}.Release|Any CPU.ActiveCfg = Release|Any CPU
		{FBE34777-1D14-40CE-9FBD-E456EE4BDD9C}.Release|Any CPU.Build.0 = Release|Any CPU
		{C517F31B-117D-4FDD-9FF1-D0355A5A4194}.Debug|Any CPU.ActiveCfg = Debug|Any CPU
		{C517F31B-117D-4FDD-9FF1-D0355A5A4194}.Debug|Any CPU.Build.0 = Debug|Any CPU
		{C517F31B-117D-4FDD-9FF1-D0355A5A4194}.Release|Any CPU.ActiveCfg = Release|Any CPU
		{C517F31B-117D-4FDD-9FF1-D0355A5A4194}.Release|Any CPU.Build.0 = Release|Any CPU
		{0A5B0506-68EC-4B9B-A392-3A392742E94A}.Debug|Any CPU.ActiveCfg = Debug|Any CPU
		{0A5B0506-68EC-4B9B-A392-3A392742E94A}.Debug|Any CPU.Build.0 = Debug|Any CPU
		{0A5B0506-68EC-4B9B-A392-3A392742E94A}.Release|Any CPU.ActiveCfg = Release|Any CPU
		{0A5B0506-68EC-4B9B-A392-3A392742E94A}.Release|Any CPU.Build.0 = Release|Any CPU
		{E58B6E43-63FF-46E4-85E8-BDE787830801}.Debug|Any CPU.ActiveCfg = Debug|Any CPU
		{E58B6E43-63FF-46E4-85E8-BDE787830801}.Debug|Any CPU.Build.0 = Debug|Any CPU
		{E58B6E43-63FF-46E4-85E8-BDE787830801}.Release|Any CPU.ActiveCfg = Release|Any CPU
		{E58B6E43-63FF-46E4-85E8-BDE787830801}.Release|Any CPU.Build.0 = Release|Any CPU
		{5F8125A9-166B-4E94-A9FD-63A087EB7571}.Debug|Any CPU.ActiveCfg = Debug|Any CPU
		{5F8125A9-166B-4E94-A9FD-63A087EB7571}.Debug|Any CPU.Build.0 = Debug|Any CPU
		{5F8125A9-166B-4E94-A9FD-63A087EB7571}.Release|Any CPU.ActiveCfg = Release|Any CPU
		{5F8125A9-166B-4E94-A9FD-63A087EB7571}.Release|Any CPU.Build.0 = Release|Any CPU
		{499048D3-AED0-4C59-B17D-A3545E67B741}.Debug|Any CPU.ActiveCfg = Debug|Any CPU
		{499048D3-AED0-4C59-B17D-A3545E67B741}.Debug|Any CPU.Build.0 = Debug|Any CPU
		{499048D3-AED0-4C59-B17D-A3545E67B741}.Release|Any CPU.ActiveCfg = Release|Any CPU
		{499048D3-AED0-4C59-B17D-A3545E67B741}.Release|Any CPU.Build.0 = Release|Any CPU
		{F320266A-EC36-4FE6-B459-DD319FAA21E0}.Debug|Any CPU.ActiveCfg = Debug|Any CPU
		{F320266A-EC36-4FE6-B459-DD319FAA21E0}.Debug|Any CPU.Build.0 = Debug|Any CPU
		{F320266A-EC36-4FE6-B459-DD319FAA21E0}.Release|Any CPU.ActiveCfg = Release|Any CPU
		{F320266A-EC36-4FE6-B459-DD319FAA21E0}.Release|Any CPU.Build.0 = Release|Any CPU
		{CC894DF0-CB4A-4091-9D68-C1576E581909}.Debug|Any CPU.ActiveCfg = Debug|Any CPU
		{CC894DF0-CB4A-4091-9D68-C1576E581909}.Debug|Any CPU.Build.0 = Debug|Any CPU
		{CC894DF0-CB4A-4091-9D68-C1576E581909}.Release|Any CPU.ActiveCfg = Release|Any CPU
		{CC894DF0-CB4A-4091-9D68-C1576E581909}.Release|Any CPU.Build.0 = Release|Any CPU
		{6A13F23C-BB69-446C-AB01-445B16EE8798}.Debug|Any CPU.ActiveCfg = Debug|Any CPU
		{6A13F23C-BB69-446C-AB01-445B16EE8798}.Debug|Any CPU.Build.0 = Debug|Any CPU
		{6A13F23C-BB69-446C-AB01-445B16EE8798}.Release|Any CPU.ActiveCfg = Release|Any CPU
		{6A13F23C-BB69-446C-AB01-445B16EE8798}.Release|Any CPU.Build.0 = Release|Any CPU
		{2E4EC63E-A58F-4A2B-A49A-80D08240F736}.Debug|Any CPU.ActiveCfg = Debug|Any CPU
		{2E4EC63E-A58F-4A2B-A49A-80D08240F736}.Debug|Any CPU.Build.0 = Debug|Any CPU
		{2E4EC63E-A58F-4A2B-A49A-80D08240F736}.Release|Any CPU.ActiveCfg = Release|Any CPU
		{2E4EC63E-A58F-4A2B-A49A-80D08240F736}.Release|Any CPU.Build.0 = Release|Any CPU
		{74494540-5C5C-4E61-8644-755E3505CC49}.Debug|Any CPU.ActiveCfg = Debug|Any CPU
		{74494540-5C5C-4E61-8644-755E3505CC49}.Debug|Any CPU.Build.0 = Debug|Any CPU
		{74494540-5C5C-4E61-8644-755E3505CC49}.Release|Any CPU.ActiveCfg = Release|Any CPU
		{74494540-5C5C-4E61-8644-755E3505CC49}.Release|Any CPU.Build.0 = Release|Any CPU
	EndGlobalSection
	GlobalSection(SolutionProperties) = preSolution
		HideSolutionNode = FALSE
	EndGlobalSection
	GlobalSection(NestedProjects) = preSolution
		{D9E56C2E-09A3-4310-819C-8DC064815F51} = {C3198753-2854-4864-912C-5DD42A393FBD}
		{D5B1096D-AD0D-4956-94DC-02EF3B104954} = {C3198753-2854-4864-912C-5DD42A393FBD}
		{9135CDB8-39A7-41A5-A3E6-DD1D81DF6762} = {C3198753-2854-4864-912C-5DD42A393FBD}
		{FFD98FB9-74B0-48C7-A51C-0AEECD634282} = {C3198753-2854-4864-912C-5DD42A393FBD}
		{A5486922-EA41-441B-936B-1E11C3620A0B} = {C3198753-2854-4864-912C-5DD42A393FBD}
		{F7FEAF4E-499B-41A4-BB1A-0C24EF7B3C1C} = {C3198753-2854-4864-912C-5DD42A393FBD}
		{847AEBE1-0D78-4B33-854C-554F137A2CFA} = {01BF77A3-BD0A-4C07-9623-E28E6509835F}
		{86AB0CF3-62C5-4080-8CCC-9C36D38D7855} = {01BF77A3-BD0A-4C07-9623-E28E6509835F}
		{E7DA21CF-6380-4A22-8411-FE1A520CF2D9} = {01BF77A3-BD0A-4C07-9623-E28E6509835F}
		{9F48FC71-3501-45A6-A7C5-C086899E612F} = {01BF77A3-BD0A-4C07-9623-E28E6509835F}
		{98141374-EF41-4999-84EA-EB33601755B0} = {C3198753-2854-4864-912C-5DD42A393FBD}
		{3A12E54F-D81A-4A8E-808F-78A89B30D82F} = {C3198753-2854-4864-912C-5DD42A393FBD}
		{4263CE49-DD2F-4D7A-86A5-9939019677BC} = {C3198753-2854-4864-912C-5DD42A393FBD}
		{24CE342F-BAA3-4BA6-B14F-1BB6B6185070} = {01BF77A3-BD0A-4C07-9623-E28E6509835F}
		{92A2C60E-33AF-4822-A19F-D15CC7B2F658} = {01BF77A3-BD0A-4C07-9623-E28E6509835F}
		{103C885F-8F13-49D2-9DE9-83738E19EE87} = {01BF77A3-BD0A-4C07-9623-E28E6509835F}
		{B2B2E8A7-029C-4BFE-948A-00F730A15EFF} = {01BF77A3-BD0A-4C07-9623-E28E6509835F}
		{6D38581E-22AB-413B-B94D-3E6743059B87} = {85313B26-D315-46A8-938B-D95B2C74C111}
		{5771A830-CF30-4C61-AB72-F17649D5CB16} = {85313B26-D315-46A8-938B-D95B2C74C111}
		{BD441FDD-A6F1-4B52-BA3E-43A2FED196DA} = {85313B26-D315-46A8-938B-D95B2C74C111}
		{2B1056D3-3249-4AD8-8A7B-2A2CB500BB82} = {85313B26-D315-46A8-938B-D95B2C74C111}
		{BA71AC61-1776-48CE-AB8D-1FEA09A3975E} = {85313B26-D315-46A8-938B-D95B2C74C111}
		{3E56DE4B-CFE1-4399-A87E-4F10E92ABFE4} = {85313B26-D315-46A8-938B-D95B2C74C111}
		{AEB304D1-9760-42DC-B20A-45CACF96ED29} = {85313B26-D315-46A8-938B-D95B2C74C111}
		{D7CE9382-CD6B-4553-9587-42075FC64E5B} = {85313B26-D315-46A8-938B-D95B2C74C111}
		{D25C9CDD-8E5C-4DA5-8558-B27179307CFB} = {39111461-38ED-4C10-92E0-2CBC84B8DC78}
		{5FFF6E08-CCC9-4C58-A118-C2F1FC5708AA} = {39111461-38ED-4C10-92E0-2CBC84B8DC78}
		{16B6CFBD-3863-4124-8F47-E15F17F33BF1} = {39111461-38ED-4C10-92E0-2CBC84B8DC78}
		{662AE2AA-1C7F-469F-90A3-64A2AF51742A} = {39111461-38ED-4C10-92E0-2CBC84B8DC78}
		{D41B7E6C-4F5F-4F40-97FA-D060733517CA} = {39111461-38ED-4C10-92E0-2CBC84B8DC78}
		{C0A8D954-0C8D-4A9B-B9B6-6FD1E0E531DD} = {4CF70761-2BAA-4DA8-9F75-FB271B9EA6E6}
		{29A8F7AF-EDD5-4D08-A150-6B04A2D02EDB} = {4CF70761-2BAA-4DA8-9F75-FB271B9EA6E6}
		{7391F9B7-42F9-4CC4-A118-EC3ECD8D8511} = {4CF70761-2BAA-4DA8-9F75-FB271B9EA6E6}
		{76BFAB8B-209F-4A7D-BF33-8F57C81DCB2C} = {4CF70761-2BAA-4DA8-9F75-FB271B9EA6E6}
		{34A3C33A-A56C-444C-87B1-A7B193E50E8F} = {BEC52AD7-7146-4449-BB23-44183EF4F23A}
		{2CC06D5B-C6C2-4C15-A36D-8D0BF0EF13D1} = {BEC52AD7-7146-4449-BB23-44183EF4F23A}
		{54ACA4C4-8E3D-40C6-BD11-3FEB006AD138} = {BEC52AD7-7146-4449-BB23-44183EF4F23A}
		{C5D40B0D-B71F-4C3E-9DB3-FAA719CA77C5} = {BEC52AD7-7146-4449-BB23-44183EF4F23A}
		{FBE34777-1D14-40CE-9FBD-E456EE4BDD9C} = {BEC52AD7-7146-4449-BB23-44183EF4F23A}
		{C517F31B-117D-4FDD-9FF1-D0355A5A4194} = {723D86E1-3B26-43E6-9A1A-63F92CF8A0EE}
		{0A5B0506-68EC-4B9B-A392-3A392742E94A} = {723D86E1-3B26-43E6-9A1A-63F92CF8A0EE}
		{E58B6E43-63FF-46E4-85E8-BDE787830801} = {723D86E1-3B26-43E6-9A1A-63F92CF8A0EE}
		{5F8125A9-166B-4E94-A9FD-63A087EB7571} = {2385E489-1FCE-4F51-888C-C0253FA9F47C}
		{499048D3-AED0-4C59-B17D-A3545E67B741} = {2385E489-1FCE-4F51-888C-C0253FA9F47C}
		{F320266A-EC36-4FE6-B459-DD319FAA21E0} = {2385E489-1FCE-4F51-888C-C0253FA9F47C}
		{CC894DF0-CB4A-4091-9D68-C1576E581909} = {A4E746CB-F721-4F57-87A6-ED709826FC1F}
		{6A13F23C-BB69-446C-AB01-445B16EE8798} = {A4E746CB-F721-4F57-87A6-ED709826FC1F}
		{2E4EC63E-A58F-4A2B-A49A-80D08240F736} = {6658FB62-7A24-4AD5-88CF-9A8B45E5DB9E}
		{74494540-5C5C-4E61-8644-755E3505CC49} = {6658FB62-7A24-4AD5-88CF-9A8B45E5DB9E}
	EndGlobalSection
	GlobalSection(ExtensibilityGlobals) = postSolution
		SolutionGuid = {CD7BBDF5-1C5A-4E55-ABB8-E46AC72E769E}
	EndGlobalSection
EndGlobal
